// !$*UTF8*$!
{
	archiveVersion = 1;
	classes = {
	};
	objectVersion = 56;
	objects = {

/* Begin PBXBuildFile section */
		0942E6942B96C1180069D3B3 /* SwiftUI_Chat_AppApp.swift in Sources */ = {isa = PBXBuildFile; fileRef = 0942E6932B96C1180069D3B3 /* SwiftUI_Chat_AppApp.swift */; };
		0942E6962B96C1180069D3B3 /* ContentView.swift in Sources */ = {isa = PBXBuildFile; fileRef = 0942E6952B96C1180069D3B3 /* ContentView.swift */; };
		0942E6982B96C1190069D3B3 /* Assets.xcassets in Resources */ = {isa = PBXBuildFile; fileRef = 0942E6972B96C1190069D3B3 /* Assets.xcassets */; };
		0942E69B2B96C1190069D3B3 /* Preview Assets.xcassets in Resources */ = {isa = PBXBuildFile; fileRef = 0942E69A2B96C1190069D3B3 /* Preview Assets.xcassets */; };
		0942E6A52B96C5A50069D3B3 /* APIClient.swift in Sources */ = {isa = PBXBuildFile; fileRef = 0942E6A32B96C5A50069D3B3 /* APIClient.swift */; };
		0942E6A62B96C5A50069D3B3 /* QUEndpoint.swift in Sources */ = {isa = PBXBuildFile; fileRef = 0942E6A42B96C5A50069D3B3 /* QUEndpoint.swift */; };
		0942E6A92B96C62A0069D3B3 /* ApplicationUserDefault.swift in Sources */ = {isa = PBXBuildFile; fileRef = 0942E6A82B96C62A0069D3B3 /* ApplicationUserDefault.swift */; };
		0942E6B52B978A3E0069D3B3 /* HomeUIView.swift in Sources */ = {isa = PBXBuildFile; fileRef = 0942E6B42B978A3E0069D3B3 /* HomeUIView.swift */; };
		0942E6B72B979B9B0069D3B3 /* AppTheme.swift in Sources */ = {isa = PBXBuildFile; fileRef = 0942E6B62B979B9B0069D3B3 /* AppTheme.swift */; };
		0942E6BB2B979DA40069D3B3 /* DashBoardUIView.swift in Sources */ = {isa = PBXBuildFile; fileRef = 0942E6BA2B979DA40069D3B3 /* DashBoardUIView.swift */; };
		0942E6BE2B97A1F00069D3B3 /* BaseViewModel.swift in Sources */ = {isa = PBXBuildFile; fileRef = 0942E6BD2B97A1F00069D3B3 /* BaseViewModel.swift */; };
		0942E6C22B97A2D20069D3B3 /* ChatRoomsAPIEndPoint.swift in Sources */ = {isa = PBXBuildFile; fileRef = 0942E6C12B97A2D20069D3B3 /* ChatRoomsAPIEndPoint.swift */; };
		0942E6C42B97A6570069D3B3 /* PersonRowView.swift in Sources */ = {isa = PBXBuildFile; fileRef = 0942E6C32B97A6570069D3B3 /* PersonRowView.swift */; };
		0942E6CD2B97ABD40069D3B3 /* PTSans-Regular.ttf in Resources */ = {isa = PBXBuildFile; fileRef = 0942E6CB2B97ABD40069D3B3 /* PTSans-Regular.ttf */; };
		0942E6CE2B97ABD40069D3B3 /* PTSans-Bold.ttf in Resources */ = {isa = PBXBuildFile; fileRef = 0942E6CC2B97ABD40069D3B3 /* PTSans-Bold.ttf */; };
		0942E6D02B9809800069D3B3 /* ChatTextView.swift in Sources */ = {isa = PBXBuildFile; fileRef = 0942E6CF2B9809800069D3B3 /* ChatTextView.swift */; };
		0942E6D22B981E370069D3B3 /* Rooms.swift in Sources */ = {isa = PBXBuildFile; fileRef = 0942E6D12B981E370069D3B3 /* Rooms.swift */; };
		0942E6D42B981E4E0069D3B3 /* User.swift in Sources */ = {isa = PBXBuildFile; fileRef = 0942E6D32B981E4E0069D3B3 /* User.swift */; };
		0942E6D62B981F1A0069D3B3 /* RoomsData.swift in Sources */ = {isa = PBXBuildFile; fileRef = 0942E6D52B981F1A0069D3B3 /* RoomsData.swift */; };
		0942E6D82B981FE00069D3B3 /* ChatRoomsService.swift in Sources */ = {isa = PBXBuildFile; fileRef = 0942E6D72B981FE00069D3B3 /* ChatRoomsService.swift */; };
		0942E6DA2B982A040069D3B3 /* ChatRoomViewModels.swift in Sources */ = {isa = PBXBuildFile; fileRef = 0942E6D92B982A040069D3B3 /* ChatRoomViewModels.swift */; };
		9562CE652C26F51D1944E73D /* Pods_SwiftUI_Chat_App.framework in Frameworks */ = {isa = PBXBuildFile; fileRef = A70A84B46E838235632E0634 /* Pods_SwiftUI_Chat_App.framework */; };
		BC12BCCB2B98A17300FFC824 /* Shimmer.swift in Sources */ = {isa = PBXBuildFile; fileRef = BC12BCCA2B98A17300FFC824 /* Shimmer.swift */; };
		BC12BCCE2B98A81F00FFC824 /* ShimmerModifier.swift in Sources */ = {isa = PBXBuildFile; fileRef = BC12BCCD2B98A81F00FFC824 /* ShimmerModifier.swift */; };
		BC12BCD12B98AAE900FFC824 /* Font+Extensions.swift in Sources */ = {isa = PBXBuildFile; fileRef = BC12BCD02B98AAE900FFC824 /* Font+Extensions.swift */; };
		BC12BCD32B98B24A00FFC824 /* GLRemoteImage.swift in Sources */ = {isa = PBXBuildFile; fileRef = BC12BCD22B98B24A00FFC824 /* GLRemoteImage.swift */; };
		BC12BCD52B98B2A400FFC824 /* GLRemoteImageManager.swift in Sources */ = {isa = PBXBuildFile; fileRef = BC12BCD42B98B2A400FFC824 /* GLRemoteImageManager.swift */; };
/* End PBXBuildFile section */

/* Begin PBXFileReference section */
		0942E6902B96C1180069D3B3 /* SwiftUI-Chat-App.app */ = {isa = PBXFileReference; explicitFileType = wrapper.application; includeInIndex = 0; path = "SwiftUI-Chat-App.app"; sourceTree = BUILT_PRODUCTS_DIR; };
		0942E6932B96C1180069D3B3 /* SwiftUI_Chat_AppApp.swift */ = {isa = PBXFileReference; lastKnownFileType = sourcecode.swift; path = SwiftUI_Chat_AppApp.swift; sourceTree = "<group>"; };
		0942E6952B96C1180069D3B3 /* ContentView.swift */ = {isa = PBXFileReference; lastKnownFileType = sourcecode.swift; path = ContentView.swift; sourceTree = "<group>"; };
		0942E6972B96C1190069D3B3 /* Assets.xcassets */ = {isa = PBXFileReference; lastKnownFileType = folder.assetcatalog; path = Assets.xcassets; sourceTree = "<group>"; };
		0942E69A2B96C1190069D3B3 /* Preview Assets.xcassets */ = {isa = PBXFileReference; lastKnownFileType = folder.assetcatalog; path = "Preview Assets.xcassets"; sourceTree = "<group>"; };
		0942E6A32B96C5A50069D3B3 /* APIClient.swift */ = {isa = PBXFileReference; fileEncoding = 4; lastKnownFileType = sourcecode.swift; path = APIClient.swift; sourceTree = "<group>"; };
		0942E6A42B96C5A50069D3B3 /* QUEndpoint.swift */ = {isa = PBXFileReference; fileEncoding = 4; lastKnownFileType = sourcecode.swift; path = QUEndpoint.swift; sourceTree = "<group>"; };
		0942E6A82B96C62A0069D3B3 /* ApplicationUserDefault.swift */ = {isa = PBXFileReference; fileEncoding = 4; lastKnownFileType = sourcecode.swift; path = ApplicationUserDefault.swift; sourceTree = "<group>"; };
		0942E6B42B978A3E0069D3B3 /* HomeUIView.swift */ = {isa = PBXFileReference; lastKnownFileType = sourcecode.swift; path = HomeUIView.swift; sourceTree = "<group>"; };
		0942E6B62B979B9B0069D3B3 /* AppTheme.swift */ = {isa = PBXFileReference; lastKnownFileType = sourcecode.swift; path = AppTheme.swift; sourceTree = "<group>"; };
		0942E6BA2B979DA40069D3B3 /* DashBoardUIView.swift */ = {isa = PBXFileReference; lastKnownFileType = sourcecode.swift; path = DashBoardUIView.swift; sourceTree = "<group>"; };
		0942E6BD2B97A1F00069D3B3 /* BaseViewModel.swift */ = {isa = PBXFileReference; lastKnownFileType = sourcecode.swift; path = BaseViewModel.swift; sourceTree = "<group>"; };
		0942E6C12B97A2D20069D3B3 /* ChatRoomsAPIEndPoint.swift */ = {isa = PBXFileReference; lastKnownFileType = sourcecode.swift; path = ChatRoomsAPIEndPoint.swift; sourceTree = "<group>"; };
		0942E6C32B97A6570069D3B3 /* PersonRowView.swift */ = {isa = PBXFileReference; lastKnownFileType = sourcecode.swift; path = PersonRowView.swift; sourceTree = "<group>"; };
		0942E6C82B97A9AD0069D3B3 /* Info.plist */ = {isa = PBXFileReference; lastKnownFileType = text.plist; path = Info.plist; sourceTree = "<group>"; };
		0942E6CB2B97ABD40069D3B3 /* PTSans-Regular.ttf */ = {isa = PBXFileReference; lastKnownFileType = file; path = "PTSans-Regular.ttf"; sourceTree = "<group>"; };
		0942E6CC2B97ABD40069D3B3 /* PTSans-Bold.ttf */ = {isa = PBXFileReference; lastKnownFileType = file; path = "PTSans-Bold.ttf"; sourceTree = "<group>"; };
		0942E6CF2B9809800069D3B3 /* ChatTextView.swift */ = {isa = PBXFileReference; lastKnownFileType = sourcecode.swift; path = ChatTextView.swift; sourceTree = "<group>"; };
		0942E6D12B981E370069D3B3 /* Rooms.swift */ = {isa = PBXFileReference; lastKnownFileType = sourcecode.swift; path = Rooms.swift; sourceTree = "<group>"; };
		0942E6D32B981E4E0069D3B3 /* User.swift */ = {isa = PBXFileReference; lastKnownFileType = sourcecode.swift; path = User.swift; sourceTree = "<group>"; };
		0942E6D52B981F1A0069D3B3 /* RoomsData.swift */ = {isa = PBXFileReference; lastKnownFileType = sourcecode.swift; path = RoomsData.swift; sourceTree = "<group>"; };
		0942E6D72B981FE00069D3B3 /* ChatRoomsService.swift */ = {isa = PBXFileReference; lastKnownFileType = sourcecode.swift; path = ChatRoomsService.swift; sourceTree = "<group>"; };
		0942E6D92B982A040069D3B3 /* ChatRoomViewModels.swift */ = {isa = PBXFileReference; lastKnownFileType = sourcecode.swift; path = ChatRoomViewModels.swift; sourceTree = "<group>"; };
		153C699F0282F6B7EFF850AE /* Pods-SwiftUI-Chat-App.release.xcconfig */ = {isa = PBXFileReference; includeInIndex = 1; lastKnownFileType = text.xcconfig; name = "Pods-SwiftUI-Chat-App.release.xcconfig"; path = "Target Support Files/Pods-SwiftUI-Chat-App/Pods-SwiftUI-Chat-App.release.xcconfig"; sourceTree = "<group>"; };
		A166B6B80A439E3F856C824D /* Pods-SwiftUI-Chat-App.debug.xcconfig */ = {isa = PBXFileReference; includeInIndex = 1; lastKnownFileType = text.xcconfig; name = "Pods-SwiftUI-Chat-App.debug.xcconfig"; path = "Target Support Files/Pods-SwiftUI-Chat-App/Pods-SwiftUI-Chat-App.debug.xcconfig"; sourceTree = "<group>"; };
		A70A84B46E838235632E0634 /* Pods_SwiftUI_Chat_App.framework */ = {isa = PBXFileReference; explicitFileType = wrapper.framework; includeInIndex = 0; path = Pods_SwiftUI_Chat_App.framework; sourceTree = BUILT_PRODUCTS_DIR; };
		BC12BCCA2B98A17300FFC824 /* Shimmer.swift */ = {isa = PBXFileReference; lastKnownFileType = sourcecode.swift; path = Shimmer.swift; sourceTree = "<group>"; };
		BC12BCCD2B98A81F00FFC824 /* ShimmerModifier.swift */ = {isa = PBXFileReference; lastKnownFileType = sourcecode.swift; path = ShimmerModifier.swift; sourceTree = "<group>"; };
		BC12BCD02B98AAE900FFC824 /* Font+Extensions.swift */ = {isa = PBXFileReference; lastKnownFileType = sourcecode.swift; path = "Font+Extensions.swift"; sourceTree = "<group>"; };
		BC12BCD22B98B24A00FFC824 /* GLRemoteImage.swift */ = {isa = PBXFileReference; lastKnownFileType = sourcecode.swift; path = GLRemoteImage.swift; sourceTree = "<group>"; };
		BC12BCD42B98B2A400FFC824 /* GLRemoteImageManager.swift */ = {isa = PBXFileReference; lastKnownFileType = sourcecode.swift; path = GLRemoteImageManager.swift; sourceTree = "<group>"; };
/* End PBXFileReference section */

/* Begin PBXFrameworksBuildPhase section */
		0942E68D2B96C1180069D3B3 /* Frameworks */ = {
			isa = PBXFrameworksBuildPhase;
			buildActionMask = 2147483647;
			files = (
				9562CE652C26F51D1944E73D /* Pods_SwiftUI_Chat_App.framework in Frameworks */,
			);
			runOnlyForDeploymentPostprocessing = 0;
		};
/* End PBXFrameworksBuildPhase section */

/* Begin PBXGroup section */
		0942E6872B96C1180069D3B3 = {
			isa = PBXGroup;
			children = (
				0942E6922B96C1180069D3B3 /* SwiftUI-Chat-App */,
				0942E6912B96C1180069D3B3 /* Products */,
				8BC1877D61AB9482862D2365 /* Pods */,
				43C60242A9D537FA3B606E52 /* Frameworks */,
			);
			sourceTree = "<group>";
		};
		0942E6912B96C1180069D3B3 /* Products */ = {
			isa = PBXGroup;
			children = (
				0942E6902B96C1180069D3B3 /* SwiftUI-Chat-App.app */,
			);
			name = Products;
			sourceTree = "<group>";
		};
		0942E6922B96C1180069D3B3 /* SwiftUI-Chat-App */ = {
			isa = PBXGroup;
			children = (
				0942E6C82B97A9AD0069D3B3 /* Info.plist */,
				0942E6C52B97A93F0069D3B3 /* Font */,
				0942E6A12B96C48D0069D3B3 /* Code */,
				0942E6932B96C1180069D3B3 /* SwiftUI_Chat_AppApp.swift */,
				0942E6952B96C1180069D3B3 /* ContentView.swift */,
				0942E6972B96C1190069D3B3 /* Assets.xcassets */,
				0942E6992B96C1190069D3B3 /* Preview Content */,
			);
			path = "SwiftUI-Chat-App";
			sourceTree = "<group>";
		};
		0942E6992B96C1190069D3B3 /* Preview Content */ = {
			isa = PBXGroup;
			children = (
				0942E69A2B96C1190069D3B3 /* Preview Assets.xcassets */,
			);
			path = "Preview Content";
			sourceTree = "<group>";
		};
		0942E6A12B96C48D0069D3B3 /* Code */ = {
			isa = PBXGroup;
			children = (
				BC12BCCF2B98AAB700FFC824 /* Extensions */,
				0942E6B32B97885C0069D3B3 /* Utilities */,
				0942E6AB2B977D8F0069D3B3 /* Features */,
				0942E6A72B96C6040069D3B3 /* UserDefault */,
				0942E6A22B96C5860069D3B3 /* NetworkManager */,
			);
			path = Code;
			sourceTree = "<group>";
		};
		0942E6A22B96C5860069D3B3 /* NetworkManager */ = {
			isa = PBXGroup;
			children = (
				0942E6A32B96C5A50069D3B3 /* APIClient.swift */,
				0942E6A42B96C5A50069D3B3 /* QUEndpoint.swift */,
			);
			path = NetworkManager;
			sourceTree = "<group>";
		};
		0942E6A72B96C6040069D3B3 /* UserDefault */ = {
			isa = PBXGroup;
			children = (
				0942E6A82B96C62A0069D3B3 /* ApplicationUserDefault.swift */,
			);
			path = UserDefault;
			sourceTree = "<group>";
		};
		0942E6AA2B9775D20069D3B3 /* ChatRooms */ = {
			isa = PBXGroup;
			children = (
				0942E6B22B9788250069D3B3 /* Screens */,
				0942E6B12B9780530069D3B3 /* Actions */,
				0942E6AE2B977DC90069D3B3 /* ViewModels */,
				0942E6AD2B977DBD0069D3B3 /* Models */,
				0942E6AC2B977DB60069D3B3 /* Views */,
			);
			path = ChatRooms;
			sourceTree = "<group>";
		};
		0942E6AB2B977D8F0069D3B3 /* Features */ = {
			isa = PBXGroup;
			children = (
				0942E6AF2B977EAB0069D3B3 /* Common */,
				0942E6AA2B9775D20069D3B3 /* ChatRooms */,
			);
			path = Features;
			sourceTree = "<group>";
		};
		0942E6AC2B977DB60069D3B3 /* Views */ = {
			isa = PBXGroup;
			children = (
				0942E6B42B978A3E0069D3B3 /* HomeUIView.swift */,
			);
			path = Views;
			sourceTree = "<group>";
		};
		0942E6AD2B977DBD0069D3B3 /* Models */ = {
			isa = PBXGroup;
			children = (
				0942E6D12B981E370069D3B3 /* Rooms.swift */,
				0942E6D32B981E4E0069D3B3 /* User.swift */,
				0942E6D52B981F1A0069D3B3 /* RoomsData.swift */,
			);
			path = Models;
			sourceTree = "<group>";
		};
		0942E6AE2B977DC90069D3B3 /* ViewModels */ = {
			isa = PBXGroup;
			children = (
				0942E6D92B982A040069D3B3 /* ChatRoomViewModels.swift */,
			);
			path = ViewModels;
			sourceTree = "<group>";
		};
		0942E6AF2B977EAB0069D3B3 /* Common */ = {
			isa = PBXGroup;
			children = (
				BC12BCCC2B98A80700FFC824 /* ViewModifer */,
				0942E6BC2B97A1DE0069D3B3 /* ViewModels */,
				0942E6B92B979D820069D3B3 /* Views */,
				0942E6B82B979BA00069D3B3 /* Theme */,
				0942E6B02B977EC00069D3B3 /* Screens */,
			);
			path = Common;
			sourceTree = "<group>";
		};
		0942E6B02B977EC00069D3B3 /* Screens */ = {
			isa = PBXGroup;
			children = (
				0942E6CF2B9809800069D3B3 /* ChatTextView.swift */,
				BC12BCCA2B98A17300FFC824 /* Shimmer.swift */,
				BC12BCD22B98B24A00FFC824 /* GLRemoteImage.swift */,
				BC12BCD42B98B2A400FFC824 /* GLRemoteImageManager.swift */,
			);
			path = Screens;
			sourceTree = "<group>";
		};
		0942E6B12B9780530069D3B3 /* Actions */ = {
			isa = PBXGroup;
			children = (
				0942E6C12B97A2D20069D3B3 /* ChatRoomsAPIEndPoint.swift */,
				0942E6D72B981FE00069D3B3 /* ChatRoomsService.swift */,
			);
			path = Actions;
			sourceTree = "<group>";
		};
		0942E6B22B9788250069D3B3 /* Screens */ = {
			isa = PBXGroup;
			children = (
				0942E6C32B97A6570069D3B3 /* PersonRowView.swift */,
			);
			path = Screens;
			sourceTree = "<group>";
		};
		0942E6B32B97885C0069D3B3 /* Utilities */ = {
			isa = PBXGroup;
			children = (
			);
			path = Utilities;
			sourceTree = "<group>";
		};
		0942E6B82B979BA00069D3B3 /* Theme */ = {
			isa = PBXGroup;
			children = (
				0942E6B62B979B9B0069D3B3 /* AppTheme.swift */,
			);
			path = Theme;
			sourceTree = "<group>";
		};
		0942E6B92B979D820069D3B3 /* Views */ = {
			isa = PBXGroup;
			children = (
				0942E6BA2B979DA40069D3B3 /* DashBoardUIView.swift */,
			);
			path = Views;
			sourceTree = "<group>";
		};
		0942E6BC2B97A1DE0069D3B3 /* ViewModels */ = {
			isa = PBXGroup;
			children = (
				0942E6BD2B97A1F00069D3B3 /* BaseViewModel.swift */,
			);
			path = ViewModels;
			sourceTree = "<group>";
		};
		0942E6C52B97A93F0069D3B3 /* Font */ = {
			isa = PBXGroup;
			children = (
				0942E6CC2B97ABD40069D3B3 /* PTSans-Bold.ttf */,
				0942E6CB2B97ABD40069D3B3 /* PTSans-Regular.ttf */,
			);
			path = Font;
			sourceTree = "<group>";
		};
		43C60242A9D537FA3B606E52 /* Frameworks */ = {
			isa = PBXGroup;
			children = (
				A70A84B46E838235632E0634 /* Pods_SwiftUI_Chat_App.framework */,
			);
			name = Frameworks;
			sourceTree = "<group>";
		};
		8BC1877D61AB9482862D2365 /* Pods */ = {
			isa = PBXGroup;
			children = (
				A166B6B80A439E3F856C824D /* Pods-SwiftUI-Chat-App.debug.xcconfig */,
				153C699F0282F6B7EFF850AE /* Pods-SwiftUI-Chat-App.release.xcconfig */,
			);
			path = Pods;
			sourceTree = "<group>";
		};
		BC12BCCC2B98A80700FFC824 /* ViewModifer */ = {
			isa = PBXGroup;
			children = (
				BC12BCCD2B98A81F00FFC824 /* ShimmerModifier.swift */,
			);
			path = ViewModifer;
			sourceTree = "<group>";
		};
		BC12BCCF2B98AAB700FFC824 /* Extensions */ = {
			isa = PBXGroup;
			children = (
				BC12BCD02B98AAE900FFC824 /* Font+Extensions.swift */,
			);
			path = Extensions;
			sourceTree = "<group>";
		};
/* End PBXGroup section */

/* Begin PBXNativeTarget section */
		0942E68F2B96C1180069D3B3 /* SwiftUI-Chat-App */ = {
			isa = PBXNativeTarget;
			buildConfigurationList = 0942E69E2B96C1190069D3B3 /* Build configuration list for PBXNativeTarget "SwiftUI-Chat-App" */;
			buildPhases = (
				3F5A87CDBA57CFFA10CB6DAF /* [CP] Check Pods Manifest.lock */,
				0942E68C2B96C1180069D3B3 /* Sources */,
				0942E68D2B96C1180069D3B3 /* Frameworks */,
				0942E68E2B96C1180069D3B3 /* Resources */,
				E4936A5F32E33EF76CCE38FB /* [CP] Embed Pods Frameworks */,
			);
			buildRules = (
			);
			dependencies = (
			);
			name = "SwiftUI-Chat-App";
			productName = "SwiftUI-Chat-App";
			productReference = 0942E6902B96C1180069D3B3 /* SwiftUI-Chat-App.app */;
			productType = "com.apple.product-type.application";
		};
/* End PBXNativeTarget section */

/* Begin PBXProject section */
		0942E6882B96C1180069D3B3 /* Project object */ = {
			isa = PBXProject;
			attributes = {
				BuildIndependentTargetsInParallel = 1;
				LastSwiftUpdateCheck = 1510;
				LastUpgradeCheck = 1510;
				TargetAttributes = {
					0942E68F2B96C1180069D3B3 = {
						CreatedOnToolsVersion = 15.1;
					};
				};
			};
			buildConfigurationList = 0942E68B2B96C1180069D3B3 /* Build configuration list for PBXProject "SwiftUI-Chat-App" */;
			compatibilityVersion = "Xcode 14.0";
			developmentRegion = en;
			hasScannedForEncodings = 0;
			knownRegions = (
				en,
				Base,
			);
			mainGroup = 0942E6872B96C1180069D3B3;
			productRefGroup = 0942E6912B96C1180069D3B3 /* Products */;
			projectDirPath = "";
			projectRoot = "";
			targets = (
				0942E68F2B96C1180069D3B3 /* SwiftUI-Chat-App */,
			);
		};
/* End PBXProject section */

/* Begin PBXResourcesBuildPhase section */
		0942E68E2B96C1180069D3B3 /* Resources */ = {
			isa = PBXResourcesBuildPhase;
			buildActionMask = 2147483647;
			files = (
				0942E6CD2B97ABD40069D3B3 /* PTSans-Regular.ttf in Resources */,
				0942E6CE2B97ABD40069D3B3 /* PTSans-Bold.ttf in Resources */,
				0942E69B2B96C1190069D3B3 /* Preview Assets.xcassets in Resources */,
				0942E6982B96C1190069D3B3 /* Assets.xcassets in Resources */,
			);
			runOnlyForDeploymentPostprocessing = 0;
		};
/* End PBXResourcesBuildPhase section */

/* Begin PBXShellScriptBuildPhase section */
		3F5A87CDBA57CFFA10CB6DAF /* [CP] Check Pods Manifest.lock */ = {
			isa = PBXShellScriptBuildPhase;
			buildActionMask = 2147483647;
			files = (
			);
			inputFileListPaths = (
			);
			inputPaths = (
				"${PODS_PODFILE_DIR_PATH}/Podfile.lock",
				"${PODS_ROOT}/Manifest.lock",
			);
			name = "[CP] Check Pods Manifest.lock";
			outputFileListPaths = (
			);
			outputPaths = (
				"$(DERIVED_FILE_DIR)/Pods-SwiftUI-Chat-App-checkManifestLockResult.txt",
			);
			runOnlyForDeploymentPostprocessing = 0;
			shellPath = /bin/sh;
			shellScript = "diff \"${PODS_PODFILE_DIR_PATH}/Podfile.lock\" \"${PODS_ROOT}/Manifest.lock\" > /dev/null\nif [ $? != 0 ] ; then\n    # print error to STDERR\n    echo \"error: The sandbox is not in sync with the Podfile.lock. Run 'pod install' or update your CocoaPods installation.\" >&2\n    exit 1\nfi\n# This output is used by Xcode 'outputs' to avoid re-running this script phase.\necho \"SUCCESS\" > \"${SCRIPT_OUTPUT_FILE_0}\"\n";
			showEnvVarsInLog = 0;
		};
		E4936A5F32E33EF76CCE38FB /* [CP] Embed Pods Frameworks */ = {
			isa = PBXShellScriptBuildPhase;
			buildActionMask = 2147483647;
			files = (
			);
			inputFileListPaths = (
				"${PODS_ROOT}/Target Support Files/Pods-SwiftUI-Chat-App/Pods-SwiftUI-Chat-App-frameworks-${CONFIGURATION}-input-files.xcfilelist",
			);
			name = "[CP] Embed Pods Frameworks";
			outputFileListPaths = (
				"${PODS_ROOT}/Target Support Files/Pods-SwiftUI-Chat-App/Pods-SwiftUI-Chat-App-frameworks-${CONFIGURATION}-output-files.xcfilelist",
			);
			runOnlyForDeploymentPostprocessing = 0;
			shellPath = /bin/sh;
			shellScript = "\"${PODS_ROOT}/Target Support Files/Pods-SwiftUI-Chat-App/Pods-SwiftUI-Chat-App-frameworks.sh\"\n";
			showEnvVarsInLog = 0;
		};
/* End PBXShellScriptBuildPhase section */

/* Begin PBXSourcesBuildPhase section */
		0942E68C2B96C1180069D3B3 /* Sources */ = {
			isa = PBXSourcesBuildPhase;
			buildActionMask = 2147483647;
			files = (
				0942E6B72B979B9B0069D3B3 /* AppTheme.swift in Sources */,
				0942E6BB2B979DA40069D3B3 /* DashBoardUIView.swift in Sources */,
				BC12BCD12B98AAE900FFC824 /* Font+Extensions.swift in Sources */,
				0942E6962B96C1180069D3B3 /* ContentView.swift in Sources */,
				BC12BCD52B98B2A400FFC824 /* GLRemoteImageManager.swift in Sources */,
				0942E6C22B97A2D20069D3B3 /* ChatRoomsAPIEndPoint.swift in Sources */,
				0942E6D82B981FE00069D3B3 /* ChatRoomsService.swift in Sources */,
				0942E6D62B981F1A0069D3B3 /* RoomsData.swift in Sources */,
				BC12BCCE2B98A81F00FFC824 /* ShimmerModifier.swift in Sources */,
				0942E6C42B97A6570069D3B3 /* PersonRowView.swift in Sources */,
				0942E6942B96C1180069D3B3 /* SwiftUI_Chat_AppApp.swift in Sources */,
				0942E6A92B96C62A0069D3B3 /* ApplicationUserDefault.swift in Sources */,
				0942E6D42B981E4E0069D3B3 /* User.swift in Sources */,
				0942E6DA2B982A040069D3B3 /* ChatRoomViewModels.swift in Sources */,
				0942E6D22B981E370069D3B3 /* Rooms.swift in Sources */,
				0942E6BE2B97A1F00069D3B3 /* BaseViewModel.swift in Sources */,
				BC12BCD32B98B24A00FFC824 /* GLRemoteImage.swift in Sources */,
				BC12BCCB2B98A17300FFC824 /* Shimmer.swift in Sources */,
				0942E6A62B96C5A50069D3B3 /* QUEndpoint.swift in Sources */,
				0942E6A52B96C5A50069D3B3 /* APIClient.swift in Sources */,
				0942E6B52B978A3E0069D3B3 /* HomeUIView.swift in Sources */,
				0942E6D02B9809800069D3B3 /* ChatTextView.swift in Sources */,
			);
			runOnlyForDeploymentPostprocessing = 0;
		};
/* End PBXSourcesBuildPhase section */

/* Begin XCBuildConfiguration section */
		0942E69C2B96C1190069D3B3 /* Debug */ = {
			isa = XCBuildConfiguration;
			buildSettings = {
				ALWAYS_SEARCH_USER_PATHS = NO;
				ASSETCATALOG_COMPILER_GENERATE_SWIFT_ASSET_SYMBOL_EXTENSIONS = YES;
				CLANG_ANALYZER_NONNULL = YES;
				CLANG_ANALYZER_NUMBER_OBJECT_CONVERSION = YES_AGGRESSIVE;
				CLANG_CXX_LANGUAGE_STANDARD = "gnu++20";
				CLANG_ENABLE_MODULES = YES;
				CLANG_ENABLE_OBJC_ARC = YES;
				CLANG_ENABLE_OBJC_WEAK = YES;
				CLANG_WARN_BLOCK_CAPTURE_AUTORELEASING = YES;
				CLANG_WARN_BOOL_CONVERSION = YES;
				CLANG_WARN_COMMA = YES;
				CLANG_WARN_CONSTANT_CONVERSION = YES;
				CLANG_WARN_DEPRECATED_OBJC_IMPLEMENTATIONS = YES;
				CLANG_WARN_DIRECT_OBJC_ISA_USAGE = YES_ERROR;
				CLANG_WARN_DOCUMENTATION_COMMENTS = YES;
				CLANG_WARN_EMPTY_BODY = YES;
				CLANG_WARN_ENUM_CONVERSION = YES;
				CLANG_WARN_INFINITE_RECURSION = YES;
				CLANG_WARN_INT_CONVERSION = YES;
				CLANG_WARN_NON_LITERAL_NULL_CONVERSION = YES;
				CLANG_WARN_OBJC_IMPLICIT_RETAIN_SELF = YES;
				CLANG_WARN_OBJC_LITERAL_CONVERSION = YES;
				CLANG_WARN_OBJC_ROOT_CLASS = YES_ERROR;
				CLANG_WARN_QUOTED_INCLUDE_IN_FRAMEWORK_HEADER = YES;
				CLANG_WARN_RANGE_LOOP_ANALYSIS = YES;
				CLANG_WARN_STRICT_PROTOTYPES = YES;
				CLANG_WARN_SUSPICIOUS_MOVE = YES;
				CLANG_WARN_UNGUARDED_AVAILABILITY = YES_AGGRESSIVE;
				CLANG_WARN_UNREACHABLE_CODE = YES;
				CLANG_WARN__DUPLICATE_METHOD_MATCH = YES;
				COPY_PHASE_STRIP = NO;
				DEBUG_INFORMATION_FORMAT = dwarf;
				ENABLE_STRICT_OBJC_MSGSEND = YES;
				ENABLE_TESTABILITY = YES;
				ENABLE_USER_SCRIPT_SANDBOXING = NO;
				GCC_C_LANGUAGE_STANDARD = gnu17;
				GCC_DYNAMIC_NO_PIC = NO;
				GCC_NO_COMMON_BLOCKS = YES;
				GCC_OPTIMIZATION_LEVEL = 0;
				GCC_PREPROCESSOR_DEFINITIONS = (
					"DEBUG=1",
					"$(inherited)",
				);
				GCC_WARN_64_TO_32_BIT_CONVERSION = YES;
				GCC_WARN_ABOUT_RETURN_TYPE = YES_ERROR;
				GCC_WARN_UNDECLARED_SELECTOR = YES;
				GCC_WARN_UNINITIALIZED_AUTOS = YES_AGGRESSIVE;
				GCC_WARN_UNUSED_FUNCTION = YES;
				GCC_WARN_UNUSED_VARIABLE = YES;
				IPHONEOS_DEPLOYMENT_TARGET = 17.2;
				LOCALIZATION_PREFERS_STRING_CATALOGS = YES;
				MTL_ENABLE_DEBUG_INFO = INCLUDE_SOURCE;
				MTL_FAST_MATH = YES;
				ONLY_ACTIVE_ARCH = YES;
				SDKROOT = iphoneos;
				SWIFT_ACTIVE_COMPILATION_CONDITIONS = "DEBUG $(inherited)";
				SWIFT_OPTIMIZATION_LEVEL = "-Onone";
			};
			name = Debug;
		};
		0942E69D2B96C1190069D3B3 /* Release */ = {
			isa = XCBuildConfiguration;
			buildSettings = {
				ALWAYS_SEARCH_USER_PATHS = NO;
				ASSETCATALOG_COMPILER_GENERATE_SWIFT_ASSET_SYMBOL_EXTENSIONS = YES;
				CLANG_ANALYZER_NONNULL = YES;
				CLANG_ANALYZER_NUMBER_OBJECT_CONVERSION = YES_AGGRESSIVE;
				CLANG_CXX_LANGUAGE_STANDARD = "gnu++20";
				CLANG_ENABLE_MODULES = YES;
				CLANG_ENABLE_OBJC_ARC = YES;
				CLANG_ENABLE_OBJC_WEAK = YES;
				CLANG_WARN_BLOCK_CAPTURE_AUTORELEASING = YES;
				CLANG_WARN_BOOL_CONVERSION = YES;
				CLANG_WARN_COMMA = YES;
				CLANG_WARN_CONSTANT_CONVERSION = YES;
				CLANG_WARN_DEPRECATED_OBJC_IMPLEMENTATIONS = YES;
				CLANG_WARN_DIRECT_OBJC_ISA_USAGE = YES_ERROR;
				CLANG_WARN_DOCUMENTATION_COMMENTS = YES;
				CLANG_WARN_EMPTY_BODY = YES;
				CLANG_WARN_ENUM_CONVERSION = YES;
				CLANG_WARN_INFINITE_RECURSION = YES;
				CLANG_WARN_INT_CONVERSION = YES;
				CLANG_WARN_NON_LITERAL_NULL_CONVERSION = YES;
				CLANG_WARN_OBJC_IMPLICIT_RETAIN_SELF = YES;
				CLANG_WARN_OBJC_LITERAL_CONVERSION = YES;
				CLANG_WARN_OBJC_ROOT_CLASS = YES_ERROR;
				CLANG_WARN_QUOTED_INCLUDE_IN_FRAMEWORK_HEADER = YES;
				CLANG_WARN_RANGE_LOOP_ANALYSIS = YES;
				CLANG_WARN_STRICT_PROTOTYPES = YES;
				CLANG_WARN_SUSPICIOUS_MOVE = YES;
				CLANG_WARN_UNGUARDED_AVAILABILITY = YES_AGGRESSIVE;
				CLANG_WARN_UNREACHABLE_CODE = YES;
				CLANG_WARN__DUPLICATE_METHOD_MATCH = YES;
				COPY_PHASE_STRIP = NO;
				DEBUG_INFORMATION_FORMAT = "dwarf-with-dsym";
				ENABLE_NS_ASSERTIONS = NO;
				ENABLE_STRICT_OBJC_MSGSEND = YES;
				ENABLE_USER_SCRIPT_SANDBOXING = YES;
				GCC_C_LANGUAGE_STANDARD = gnu17;
				GCC_NO_COMMON_BLOCKS = YES;
				GCC_WARN_64_TO_32_BIT_CONVERSION = YES;
				GCC_WARN_ABOUT_RETURN_TYPE = YES_ERROR;
				GCC_WARN_UNDECLARED_SELECTOR = YES;
				GCC_WARN_UNINITIALIZED_AUTOS = YES_AGGRESSIVE;
				GCC_WARN_UNUSED_FUNCTION = YES;
				GCC_WARN_UNUSED_VARIABLE = YES;
				IPHONEOS_DEPLOYMENT_TARGET = 17.2;
				LOCALIZATION_PREFERS_STRING_CATALOGS = YES;
				MTL_ENABLE_DEBUG_INFO = NO;
				MTL_FAST_MATH = YES;
				SDKROOT = iphoneos;
				SWIFT_COMPILATION_MODE = wholemodule;
				VALIDATE_PRODUCT = YES;
			};
			name = Release;
		};
		0942E69F2B96C1190069D3B3 /* Debug */ = {
			isa = XCBuildConfiguration;
			baseConfigurationReference = A166B6B80A439E3F856C824D /* Pods-SwiftUI-Chat-App.debug.xcconfig */;
			buildSettings = {
				ASSETCATALOG_COMPILER_APPICON_NAME = AppIcon;
				ASSETCATALOG_COMPILER_GLOBAL_ACCENT_COLOR_NAME = AccentColor;
				CODE_SIGN_STYLE = Automatic;
				CURRENT_PROJECT_VERSION = 1;
				DEVELOPMENT_ASSET_PATHS = "\"SwiftUI-Chat-App/Preview Content\"";
				ENABLE_PREVIEWS = YES;
				GENERATE_INFOPLIST_FILE = YES;
				INFOPLIST_FILE = "SwiftUI-Chat-App/Info.plist";
				INFOPLIST_KEY_UIApplicationSceneManifest_Generation = YES;
				INFOPLIST_KEY_UIApplicationSupportsIndirectInputEvents = YES;
				INFOPLIST_KEY_UILaunchScreen_Generation = YES;
				INFOPLIST_KEY_UISupportedInterfaceOrientations_iPad = "UIInterfaceOrientationPortrait UIInterfaceOrientationPortraitUpsideDown UIInterfaceOrientationLandscapeLeft UIInterfaceOrientationLandscapeRight";
				INFOPLIST_KEY_UISupportedInterfaceOrientations_iPhone = "UIInterfaceOrientationPortrait UIInterfaceOrientationLandscapeLeft UIInterfaceOrientationLandscapeRight";
				LD_RUNPATH_SEARCH_PATHS = (
					"$(inherited)",
					"@executable_path/Frameworks",
				);
				MARKETING_VERSION = 1.0;
				PRODUCT_BUNDLE_IDENTIFIER = "com.solution24hours.SwiftUI-Chat-App";
				PRODUCT_NAME = "$(TARGET_NAME)";
				SWIFT_EMIT_LOC_STRINGS = YES;
				SWIFT_VERSION = 5.0;
				TARGETED_DEVICE_FAMILY = "1,2";
			};
			name = Debug;
		};
		0942E6A02B96C1190069D3B3 /* Release */ = {
			isa = XCBuildConfiguration;
			baseConfigurationReference = 153C699F0282F6B7EFF850AE /* Pods-SwiftUI-Chat-App.release.xcconfig */;
			buildSettings = {
				ASSETCATALOG_COMPILER_APPICON_NAME = AppIcon;
				ASSETCATALOG_COMPILER_GLOBAL_ACCENT_COLOR_NAME = AccentColor;
				CODE_SIGN_STYLE = Automatic;
				CURRENT_PROJECT_VERSION = 1;
				DEVELOPMENT_ASSET_PATHS = "\"SwiftUI-Chat-App/Preview Content\"";
				ENABLE_PREVIEWS = YES;
				GENERATE_INFOPLIST_FILE = YES;
				INFOPLIST_FILE = "SwiftUI-Chat-App/Info.plist";
				INFOPLIST_KEY_UIApplicationSceneManifest_Generation = YES;
				INFOPLIST_KEY_UIApplicationSupportsIndirectInputEvents = YES;
				INFOPLIST_KEY_UILaunchScreen_Generation = YES;
				INFOPLIST_KEY_UISupportedInterfaceOrientations_iPad = "UIInterfaceOrientationPortrait UIInterfaceOrientationPortraitUpsideDown UIInterfaceOrientationLandscapeLeft UIInterfaceOrientationLandscapeRight";
				INFOPLIST_KEY_UISupportedInterfaceOrientations_iPhone = "UIInterfaceOrientationPortrait UIInterfaceOrientationLandscapeLeft UIInterfaceOrientationLandscapeRight";
				LD_RUNPATH_SEARCH_PATHS = (
					"$(inherited)",
					"@executable_path/Frameworks",
				);
				MARKETING_VERSION = 1.0;
				PRODUCT_BUNDLE_IDENTIFIER = "com.solution24hours.SwiftUI-Chat-App";
				PRODUCT_NAME = "$(TARGET_NAME)";
				SWIFT_EMIT_LOC_STRINGS = YES;
				SWIFT_VERSION = 5.0;
				TARGETED_DEVICE_FAMILY = "1,2";
			};
			name = Release;
		};
/* End XCBuildConfiguration section */

/* Begin XCConfigurationList section */
		0942E68B2B96C1180069D3B3 /* Build configuration list for PBXProject "SwiftUI-Chat-App" */ = {
			isa = XCConfigurationList;
			buildConfigurations = (
				0942E69C2B96C1190069D3B3 /* Debug */,
				0942E69D2B96C1190069D3B3 /* Release */,
			);
			defaultConfigurationIsVisible = 0;
			defaultConfigurationName = Release;
		};
		0942E69E2B96C1190069D3B3 /* Build configuration list for PBXNativeTarget "SwiftUI-Chat-App" */ = {
			isa = XCConfigurationList;
			buildConfigurations = (
				0942E69F2B96C1190069D3B3 /* Debug */,
				0942E6A02B96C1190069D3B3 /* Release */,
			);
			defaultConfigurationIsVisible = 0;
			defaultConfigurationName = Release;
		};
/* End XCConfigurationList section */
	};
	rootObject = 0942E6882B96C1180069D3B3 /* Project object */;
}
