// !$*UTF8*$!
{
	archiveVersion = 1;
	classes = {
	};
	objectVersion = 56;
	objects = {

/* Begin PBXBuildFile section */
		0942E6942B96C1180069D3B3 /* SwiftUI_Chat_AppApp.swift in Sources */ = {isa = PBXBuildFile; fileRef = 0942E6932B96C1180069D3B3 /* SwiftUI_Chat_AppApp.swift */; };
		0942E6962B96C1180069D3B3 /* ContentView.swift in Sources */ = {isa = PBXBuildFile; fileRef = 0942E6952B96C1180069D3B3 /* ContentView.swift */; };
		0942E6982B96C1190069D3B3 /* Assets.xcassets in Resources */ = {isa = PBXBuildFile; fileRef = 0942E6972B96C1190069D3B3 /* Assets.xcassets */; };
		0942E69B2B96C1190069D3B3 /* Preview Assets.xcassets in Resources */ = {isa = PBXBuildFile; fileRef = 0942E69A2B96C1190069D3B3 /* Preview Assets.xcassets */; };
		0942E6A52B96C5A50069D3B3 /* APIClient.swift in Sources */ = {isa = PBXBuildFile; fileRef = 0942E6A32B96C5A50069D3B3 /* APIClient.swift */; };
		0942E6A62B96C5A50069D3B3 /* QUEndpoint.swift in Sources */ = {isa = PBXBuildFile; fileRef = 0942E6A42B96C5A50069D3B3 /* QUEndpoint.swift */; };
		0942E6A92B96C62A0069D3B3 /* ApplicationUserDefault.swift in Sources */ = {isa = PBXBuildFile; fileRef = 0942E6A82B96C62A0069D3B3 /* ApplicationUserDefault.swift */; };
		9562CE652C26F51D1944E73D /* Pods_SwiftUI_Chat_App.framework in Frameworks */ = {isa = PBXBuildFile; fileRef = A70A84B46E838235632E0634 /* Pods_SwiftUI_Chat_App.framework */; };
/* End PBXBuildFile section */

/* Begin PBXFileReference section */
		0942E6902B96C1180069D3B3 /* SwiftUI-Chat-App.app */ = {isa = PBXFileReference; explicitFileType = wrapper.application; includeInIndex = 0; path = "SwiftUI-Chat-App.app"; sourceTree = BUILT_PRODUCTS_DIR; };
		0942E6932B96C1180069D3B3 /* SwiftUI_Chat_AppApp.swift */ = {isa = PBXFileReference; lastKnownFileType = sourcecode.swift; path = SwiftUI_Chat_AppApp.swift; sourceTree = "<group>"; };
		0942E6952B96C1180069D3B3 /* ContentView.swift */ = {isa = PBXFileReference; lastKnownFileType = sourcecode.swift; path = ContentView.swift; sourceTree = "<group>"; };
		0942E6972B96C1190069D3B3 /* Assets.xcassets */ = {isa = PBXFileReference; lastKnownFileType = folder.assetcatalog; path = Assets.xcassets; sourceTree = "<group>"; };
		0942E69A2B96C1190069D3B3 /* Preview Assets.xcassets */ = {isa = PBXFileReference; lastKnownFileType = folder.assetcatalog; path = "Preview Assets.xcassets"; sourceTree = "<group>"; };
		0942E6A32B96C5A50069D3B3 /* APIClient.swift */ = {isa = PBXFileReference; fileEncoding = 4; lastKnownFileType = sourcecode.swift; path = APIClient.swift; sourceTree = "<group>"; };
		0942E6A42B96C5A50069D3B3 /* QUEndpoint.swift */ = {isa = PBXFileReference; fileEncoding = 4; lastKnownFileType = sourcecode.swift; path = QUEndpoint.swift; sourceTree = "<group>"; };
		0942E6A82B96C62A0069D3B3 /* ApplicationUserDefault.swift */ = {isa = PBXFileReference; fileEncoding = 4; lastKnownFileType = sourcecode.swift; path = ApplicationUserDefault.swift; sourceTree = "<group>"; };
		153C699F0282F6B7EFF850AE /* Pods-SwiftUI-Chat-App.release.xcconfig */ = {isa = PBXFileReference; includeInIndex = 1; lastKnownFileType = text.xcconfig; name = "Pods-SwiftUI-Chat-App.release.xcconfig"; path = "Target Support Files/Pods-SwiftUI-Chat-App/Pods-SwiftUI-Chat-App.release.xcconfig"; sourceTree = "<group>"; };
		A166B6B80A439E3F856C824D /* Pods-SwiftUI-Chat-App.debug.xcconfig */ = {isa = PBXFileReference; includeInIndex = 1; lastKnownFileType = text.xcconfig; name = "Pods-SwiftUI-Chat-App.debug.xcconfig"; path = "Target Support Files/Pods-SwiftUI-Chat-App/Pods-SwiftUI-Chat-App.debug.xcconfig"; sourceTree = "<group>"; };
		A70A84B46E838235632E0634 /* Pods_SwiftUI_Chat_App.framework */ = {isa = PBXFileReference; explicitFileType = wrapper.framework; includeInIndex = 0; path = Pods_SwiftUI_Chat_App.framework; sourceTree = BUILT_PRODUCTS_DIR; };
/* End PBXFileReference section */

/* Begin PBXFrameworksBuildPhase section */
		0942E68D2B96C1180069D3B3 /* Frameworks */ = {
			isa = PBXFrameworksBuildPhase;
			buildActionMask = 2147483647;
			files = (
				9562CE652C26F51D1944E73D /* Pods_SwiftUI_Chat_App.framework in Frameworks */,
			);
			runOnlyForDeploymentPostprocessing = 0;
		};
/* End PBXFrameworksBuildPhase section */

/* Begin PBXGroup section */
		0942E6872B96C1180069D3B3 = {
			isa = PBXGroup;
			children = (
				0942E6922B96C1180069D3B3 /* SwiftUI-Chat-App */,
				0942E6912B96C1180069D3B3 /* Products */,
				8BC1877D61AB9482862D2365 /* Pods */,
				43C60242A9D537FA3B606E52 /* Frameworks */,
			);
			sourceTree = "<group>";
		};
		0942E6912B96C1180069D3B3 /* Products */ = {
			isa = PBXGroup;
			children = (
				0942E6902B96C1180069D3B3 /* SwiftUI-Chat-App.app */,
			);
			name = Products;
			sourceTree = "<group>";
		};
		0942E6922B96C1180069D3B3 /* SwiftUI-Chat-App */ = {
			isa = PBXGroup;
			children = (
				0942E6A12B96C48D0069D3B3 /* Application */,
				0942E6932B96C1180069D3B3 /* SwiftUI_Chat_AppApp.swift */,
				0942E6952B96C1180069D3B3 /* ContentView.swift */,
				0942E6972B96C1190069D3B3 /* Assets.xcassets */,
				0942E6992B96C1190069D3B3 /* Preview Content */,
			);
			path = "SwiftUI-Chat-App";
			sourceTree = "<group>";
		};
		0942E6992B96C1190069D3B3 /* Preview Content */ = {
			isa = PBXGroup;
			children = (
				0942E69A2B96C1190069D3B3 /* Preview Assets.xcassets */,
			);
			path = "Preview Content";
			sourceTree = "<group>";
		};
		0942E6A12B96C48D0069D3B3 /* Application */ = {
			isa = PBXGroup;
			children = (
				0942E6A72B96C6040069D3B3 /* UserDefault */,
				0942E6A22B96C5860069D3B3 /* NetworkManager */,
			);
			path = Application;
			sourceTree = "<group>";
		};
		0942E6A22B96C5860069D3B3 /* NetworkManager */ = {
			isa = PBXGroup;
			children = (
				0942E6A32B96C5A50069D3B3 /* APIClient.swift */,
				0942E6A42B96C5A50069D3B3 /* QUEndpoint.swift */,
			);
			path = NetworkManager;
			sourceTree = "<group>";
		};
		0942E6A72B96C6040069D3B3 /* UserDefault */ = {
			isa = PBXGroup;
			children = (
				0942E6A82B96C62A0069D3B3 /* ApplicationUserDefault.swift */,
			);
			path = UserDefault;
			sourceTree = "<group>";
		};
		43C60242A9D537FA3B606E52 /* Frameworks */ = {
			isa = PBXGroup;
			children = (
				A70A84B46E838235632E0634 /* Pods_SwiftUI_Chat_App.framework */,
			);
			name = Frameworks;
			sourceTree = "<group>";
		};
		8BC1877D61AB9482862D2365 /* Pods */ = {
			isa = PBXGroup;
			children = (
				A166B6B80A439E3F856C824D /* Pods-SwiftUI-Chat-App.debug.xcconfig */,
				153C699F0282F6B7EFF850AE /* Pods-SwiftUI-Chat-App.release.xcconfig */,
			);
			path = Pods;
			sourceTree = "<group>";
		};
/* End PBXGroup section */

/* Begin PBXNativeTarget section */
		0942E68F2B96C1180069D3B3 /* SwiftUI-Chat-App */ = {
			isa = PBXNativeTarget;
			buildConfigurationList = 0942E69E2B96C1190069D3B3 /* Build configuration list for PBXNativeTarget "SwiftUI-Chat-App" */;
			buildPhases = (
				3F5A87CDBA57CFFA10CB6DAF /* [CP] Check Pods Manifest.lock */,
				0942E68C2B96C1180069D3B3 /* Sources */,
				0942E68D2B96C1180069D3B3 /* Frameworks */,
				0942E68E2B96C1180069D3B3 /* Resources */,
				E4936A5F32E33EF76CCE38FB /* [CP] Embed Pods Frameworks */,
			);
			buildRules = (
			);
			dependencies = (
			);
			name = "SwiftUI-Chat-App";
			productName = "SwiftUI-Chat-App";
			productReference = 0942E6902B96C1180069D3B3 /* SwiftUI-Chat-App.app */;
			productType = "com.apple.product-type.application";
		};
/* End PBXNativeTarget section */

/* Begin PBXProject section */
		0942E6882B96C1180069D3B3 /* Project object */ = {
			isa = PBXProject;
			attributes = {
				BuildIndependentTargetsInParallel = 1;
				LastSwiftUpdateCheck = 1510;
				LastUpgradeCheck = 1510;
				TargetAttributes = {
					0942E68F2B96C1180069D3B3 = {
						CreatedOnToolsVersion = 15.1;
					};
				};
			};
			buildConfigurationList = 0942E68B2B96C1180069D3B3 /* Build configuration list for PBXProject "SwiftUI-Chat-App" */;
			compatibilityVersion = "Xcode 14.0";
			developmentRegion = en;
			hasScannedForEncodings = 0;
			knownRegions = (
				en,
				Base,
			);
			mainGroup = 0942E6872B96C1180069D3B3;
			productRefGroup = 0942E6912B96C1180069D3B3 /* Products */;
			projectDirPath = "";
			projectRoot = "";
			targets = (
				0942E68F2B96C1180069D3B3 /* SwiftUI-Chat-App */,
			);
		};
/* End PBXProject section */

/* Begin PBXResourcesBuildPhase section */
		0942E68E2B96C1180069D3B3 /* Resources */ = {
			isa = PBXResourcesBuildPhase;
			buildActionMask = 2147483647;
			files = (
				0942E69B2B96C1190069D3B3 /* Preview Assets.xcassets in Resources */,
				0942E6982B96C1190069D3B3 /* Assets.xcassets in Resources */,
			);
			runOnlyForDeploymentPostprocessing = 0;
		};
/* End PBXResourcesBuildPhase section */

/* Begin PBXShellScriptBuildPhase section */
		3F5A87CDBA57CFFA10CB6DAF /* [CP] Check Pods Manifest.lock */ = {
			isa = PBXShellScriptBuildPhase;
			buildActionMask = 2147483647;
			files = (
			);
			inputFileListPaths = (
			);
			inputPaths = (
				"${PODS_PODFILE_DIR_PATH}/Podfile.lock",
				"${PODS_ROOT}/Manifest.lock",
			);
			name = "[CP] Check Pods Manifest.lock";
			outputFileListPaths = (
			);
			outputPaths = (
				"$(DERIVED_FILE_DIR)/Pods-SwiftUI-Chat-App-checkManifestLockResult.txt",
			);
			runOnlyForDeploymentPostprocessing = 0;
			shellPath = /bin/sh;
			shellScript = "diff \"${PODS_PODFILE_DIR_PATH}/Podfile.lock\" \"${PODS_ROOT}/Manifest.lock\" > /dev/null\nif [ $? != 0 ] ; then\n    # print error to STDERR\n    echo \"error: The sandbox is not in sync with the Podfile.lock. Run 'pod install' or update your CocoaPods installation.\" >&2\n    exit 1\nfi\n# This output is used by Xcode 'outputs' to avoid re-running this script phase.\necho \"SUCCESS\" > \"${SCRIPT_OUTPUT_FILE_0}\"\n";
			showEnvVarsInLog = 0;
		};
		E4936A5F32E33EF76CCE38FB /* [CP] Embed Pods Frameworks */ = {
			isa = PBXShellScriptBuildPhase;
			buildActionMask = 2147483647;
			files = (
			);
			inputFileListPaths = (
				"${PODS_ROOT}/Target Support Files/Pods-SwiftUI-Chat-App/Pods-SwiftUI-Chat-App-frameworks-${CONFIGURATION}-input-files.xcfilelist",
			);
			name = "[CP] Embed Pods Frameworks";
			outputFileListPaths = (
				"${PODS_ROOT}/Target Support Files/Pods-SwiftUI-Chat-App/Pods-SwiftUI-Chat-App-frameworks-${CONFIGURATION}-output-files.xcfilelist",
			);
			runOnlyForDeploymentPostprocessing = 0;
			shellPath = /bin/sh;
			shellScript = "\"${PODS_ROOT}/Target Support Files/Pods-SwiftUI-Chat-App/Pods-SwiftUI-Chat-App-frameworks.sh\"\n";
			showEnvVarsInLog = 0;
		};
/* End PBXShellScriptBuildPhase section */

/* Begin PBXSourcesBuildPhase section */
		0942E68C2B96C1180069D3B3 /* Sources */ = {
			isa = PBXSourcesBuildPhase;
			buildActionMask = 2147483647;
			files = (
				0942E6962B96C1180069D3B3 /* ContentView.swift in Sources */,
				0942E6942B96C1180069D3B3 /* SwiftUI_Chat_AppApp.swift in Sources */,
				0942E6A92B96C62A0069D3B3 /* ApplicationUserDefault.swift in Sources */,
				0942E6A62B96C5A50069D3B3 /* QUEndpoint.swift in Sources */,
				0942E6A52B96C5A50069D3B3 /* APIClient.swift in Sources */,
			);
			runOnlyForDeploymentPostprocessing = 0;
		};
/* End PBXSourcesBuildPhase section */

/* Begin XCBuildConfiguration section */
		0942E69C2B96C1190069D3B3 /* Debug */ = {
			isa = XCBuildConfiguration;
			buildSettings = {
				ALWAYS_SEARCH_USER_PATHS = NO;
				ASSETCATALOG_COMPILER_GENERATE_SWIFT_ASSET_SYMBOL_EXTENSIONS = YES;
				CLANG_ANALYZER_NONNULL = YES;
				CLANG_ANALYZER_NUMBER_OBJECT_CONVERSION = YES_AGGRESSIVE;
				CLANG_CXX_LANGUAGE_STANDARD = "gnu++20";
				CLANG_ENABLE_MODULES = YES;
				CLANG_ENABLE_OBJC_ARC = YES;
				CLANG_ENABLE_OBJC_WEAK = YES;
				CLANG_WARN_BLOCK_CAPTURE_AUTORELEASING = YES;
				CLANG_WARN_BOOL_CONVERSION = YES;
				CLANG_WARN_COMMA = YES;
				CLANG_WARN_CONSTANT_CONVERSION = YES;
				CLANG_WARN_DEPRECATED_OBJC_IMPLEMENTATIONS = YES;
				CLANG_WARN_DIRECT_OBJC_ISA_USAGE = YES_ERROR;
				CLANG_WARN_DOCUMENTATION_COMMENTS = YES;
				CLANG_WARN_EMPTY_BODY = YES;
				CLANG_WARN_ENUM_CONVERSION = YES;
				CLANG_WARN_INFINITE_RECURSION = YES;
				CLANG_WARN_INT_CONVERSION = YES;
				CLANG_WARN_NON_LITERAL_NULL_CONVERSION = YES;
				CLANG_WARN_OBJC_IMPLICIT_RETAIN_SELF = YES;
				CLANG_WARN_OBJC_LITERAL_CONVERSION = YES;
				CLANG_WARN_OBJC_ROOT_CLASS = YES_ERROR;
				CLANG_WARN_QUOTED_INCLUDE_IN_FRAMEWORK_HEADER = YES;
				CLANG_WARN_RANGE_LOOP_ANALYSIS = YES;
				CLANG_WARN_STRICT_PROTOTYPES = YES;
				CLANG_WARN_SUSPICIOUS_MOVE = YES;
				CLANG_WARN_UNGUARDED_AVAILABILITY = YES_AGGRESSIVE;
				CLANG_WARN_UNREACHABLE_CODE = YES;
				CLANG_WARN__DUPLICATE_METHOD_MATCH = YES;
				COPY_PHASE_STRIP = NO;
				DEBUG_INFORMATION_FORMAT = dwarf;
				ENABLE_STRICT_OBJC_MSGSEND = YES;
				ENABLE_TESTABILITY = YES;
				ENABLE_USER_SCRIPT_SANDBOXING = NO;
				GCC_C_LANGUAGE_STANDARD = gnu17;
				GCC_DYNAMIC_NO_PIC = NO;
				GCC_NO_COMMON_BLOCKS = YES;
				GCC_OPTIMIZATION_LEVEL = 0;
				GCC_PREPROCESSOR_DEFINITIONS = (
					"DEBUG=1",
					"$(inherited)",
				);
				GCC_WARN_64_TO_32_BIT_CONVERSION = YES;
				GCC_WARN_ABOUT_RETURN_TYPE = YES_ERROR;
				GCC_WARN_UNDECLARED_SELECTOR = YES;
				GCC_WARN_UNINITIALIZED_AUTOS = YES_AGGRESSIVE;
				GCC_WARN_UNUSED_FUNCTION = YES;
				GCC_WARN_UNUSED_VARIABLE = YES;
				IPHONEOS_DEPLOYMENT_TARGET = 17.2;
				LOCALIZATION_PREFERS_STRING_CATALOGS = YES;
				MTL_ENABLE_DEBUG_INFO = INCLUDE_SOURCE;
				MTL_FAST_MATH = YES;
				ONLY_ACTIVE_ARCH = YES;
				SDKROOT = iphoneos;
				SWIFT_ACTIVE_COMPILATION_CONDITIONS = "DEBUG $(inherited)";
				SWIFT_OPTIMIZATION_LEVEL = "-Onone";
			};
			name = Debug;
		};
		0942E69D2B96C1190069D3B3 /* Release */ = {
			isa = XCBuildConfiguration;
			buildSettings = {
				ALWAYS_SEARCH_USER_PATHS = NO;
				ASSETCATALOG_COMPILER_GENERATE_SWIFT_ASSET_SYMBOL_EXTENSIONS = YES;
				CLANG_ANALYZER_NONNULL = YES;
				CLANG_ANALYZER_NUMBER_OBJECT_CONVERSION = YES_AGGRESSIVE;
				CLANG_CXX_LANGUAGE_STANDARD = "gnu++20";
				CLANG_ENABLE_MODULES = YES;
				CLANG_ENABLE_OBJC_ARC = YES;
				CLANG_ENABLE_OBJC_WEAK = YES;
				CLANG_WARN_BLOCK_CAPTURE_AUTORELEASING = YES;
				CLANG_WARN_BOOL_CONVERSION = YES;
				CLANG_WARN_COMMA = YES;
				CLANG_WARN_CONSTANT_CONVERSION = YES;
				CLANG_WARN_DEPRECATED_OBJC_IMPLEMENTATIONS = YES;
				CLANG_WARN_DIRECT_OBJC_ISA_USAGE = YES_ERROR;
				CLANG_WARN_DOCUMENTATION_COMMENTS = YES;
				CLANG_WARN_EMPTY_BODY = YES;
				CLANG_WARN_ENUM_CONVERSION = YES;
				CLANG_WARN_INFINITE_RECURSION = YES;
				CLANG_WARN_INT_CONVERSION = YES;
				CLANG_WARN_NON_LITERAL_NULL_CONVERSION = YES;
				CLANG_WARN_OBJC_IMPLICIT_RETAIN_SELF = YES;
				CLANG_WARN_OBJC_LITERAL_CONVERSION = YES;
				CLANG_WARN_OBJC_ROOT_CLASS = YES_ERROR;
				CLANG_WARN_QUOTED_INCLUDE_IN_FRAMEWORK_HEADER = YES;
				CLANG_WARN_RANGE_LOOP_ANALYSIS = YES;
				CLANG_WARN_STRICT_PROTOTYPES = YES;
				CLANG_WARN_SUSPICIOUS_MOVE = YES;
				CLANG_WARN_UNGUARDED_AVAILABILITY = YES_AGGRESSIVE;
				CLANG_WARN_UNREACHABLE_CODE = YES;
				CLANG_WARN__DUPLICATE_METHOD_MATCH = YES;
				COPY_PHASE_STRIP = NO;
				DEBUG_INFORMATION_FORMAT = "dwarf-with-dsym";
				ENABLE_NS_ASSERTIONS = NO;
				ENABLE_STRICT_OBJC_MSGSEND = YES;
				ENABLE_USER_SCRIPT_SANDBOXING = YES;
				GCC_C_LANGUAGE_STANDARD = gnu17;
				GCC_NO_COMMON_BLOCKS = YES;
				GCC_WARN_64_TO_32_BIT_CONVERSION = YES;
				GCC_WARN_ABOUT_RETURN_TYPE = YES_ERROR;
				GCC_WARN_UNDECLARED_SELECTOR = YES;
				GCC_WARN_UNINITIALIZED_AUTOS = YES_AGGRESSIVE;
				GCC_WARN_UNUSED_FUNCTION = YES;
				GCC_WARN_UNUSED_VARIABLE = YES;
				IPHONEOS_DEPLOYMENT_TARGET = 17.2;
				LOCALIZATION_PREFERS_STRING_CATALOGS = YES;
				MTL_ENABLE_DEBUG_INFO = NO;
				MTL_FAST_MATH = YES;
				SDKROOT = iphoneos;
				SWIFT_COMPILATION_MODE = wholemodule;
				VALIDATE_PRODUCT = YES;
			};
			name = Release;
		};
		0942E69F2B96C1190069D3B3 /* Debug */ = {
			isa = XCBuildConfiguration;
			baseConfigurationReference = A166B6B80A439E3F856C824D /* Pods-SwiftUI-Chat-App.debug.xcconfig */;
			buildSettings = {
				ASSETCATALOG_COMPILER_APPICON_NAME = AppIcon;
				ASSETCATALOG_COMPILER_GLOBAL_ACCENT_COLOR_NAME = AccentColor;
				CODE_SIGN_STYLE = Automatic;
				CURRENT_PROJECT_VERSION = 1;
				DEVELOPMENT_ASSET_PATHS = "\"SwiftUI-Chat-App/Preview Content\"";
				ENABLE_PREVIEWS = YES;
				GENERATE_INFOPLIST_FILE = YES;
				INFOPLIST_KEY_UIApplicationSceneManifest_Generation = YES;
				INFOPLIST_KEY_UIApplicationSupportsIndirectInputEvents = YES;
				INFOPLIST_KEY_UILaunchScreen_Generation = YES;
				INFOPLIST_KEY_UISupportedInterfaceOrientations_iPad = "UIInterfaceOrientationPortrait UIInterfaceOrientationPortraitUpsideDown UIInterfaceOrientationLandscapeLeft UIInterfaceOrientationLandscapeRight";
				INFOPLIST_KEY_UISupportedInterfaceOrientations_iPhone = "UIInterfaceOrientationPortrait UIInterfaceOrientationLandscapeLeft UIInterfaceOrientationLandscapeRight";
				LD_RUNPATH_SEARCH_PATHS = (
					"$(inherited)",
					"@executable_path/Frameworks",
				);
				MARKETING_VERSION = 1.0;
				PRODUCT_BUNDLE_IDENTIFIER = "com.solution24hours.SwiftUI-Chat-App";
				PRODUCT_NAME = "$(TARGET_NAME)";
				SWIFT_EMIT_LOC_STRINGS = YES;
				SWIFT_VERSION = 5.0;
				TARGETED_DEVICE_FAMILY = "1,2";
			};
			name = Debug;
		};
		0942E6A02B96C1190069D3B3 /* Release */ = {
			isa = XCBuildConfiguration;
			baseConfigurationReference = 153C699F0282F6B7EFF850AE /* Pods-SwiftUI-Chat-App.release.xcconfig */;
			buildSettings = {
				ASSETCATALOG_COMPILER_APPICON_NAME = AppIcon;
				ASSETCATALOG_COMPILER_GLOBAL_ACCENT_COLOR_NAME = AccentColor;
				CODE_SIGN_STYLE = Automatic;
				CURRENT_PROJECT_VERSION = 1;
				DEVELOPMENT_ASSET_PATHS = "\"SwiftUI-Chat-App/Preview Content\"";
				ENABLE_PREVIEWS = YES;
				GENERATE_INFOPLIST_FILE = YES;
				INFOPLIST_KEY_UIApplicationSceneManifest_Generation = YES;
				INFOPLIST_KEY_UIApplicationSupportsIndirectInputEvents = YES;
				INFOPLIST_KEY_UILaunchScreen_Generation = YES;
				INFOPLIST_KEY_UISupportedInterfaceOrientations_iPad = "UIInterfaceOrientationPortrait UIInterfaceOrientationPortraitUpsideDown UIInterfaceOrientationLandscapeLeft UIInterfaceOrientationLandscapeRight";
				INFOPLIST_KEY_UISupportedInterfaceOrientations_iPhone = "UIInterfaceOrientationPortrait UIInterfaceOrientationLandscapeLeft UIInterfaceOrientationLandscapeRight";
				LD_RUNPATH_SEARCH_PATHS = (
					"$(inherited)",
					"@executable_path/Frameworks",
				);
				MARKETING_VERSION = 1.0;
				PRODUCT_BUNDLE_IDENTIFIER = "com.solution24hours.SwiftUI-Chat-App";
				PRODUCT_NAME = "$(TARGET_NAME)";
				SWIFT_EMIT_LOC_STRINGS = YES;
				SWIFT_VERSION = 5.0;
				TARGETED_DEVICE_FAMILY = "1,2";
			};
			name = Release;
		};
/* End XCBuildConfiguration section */

/* Begin XCConfigurationList section */
		0942E68B2B96C1180069D3B3 /* Build configuration list for PBXProject "SwiftUI-Chat-App" */ = {
			isa = XCConfigurationList;
			buildConfigurations = (
				0942E69C2B96C1190069D3B3 /* Debug */,
				0942E69D2B96C1190069D3B3 /* Release */,
			);
			defaultConfigurationIsVisible = 0;
			defaultConfigurationName = Release;
		};
		0942E69E2B96C1190069D3B3 /* Build configuration list for PBXNativeTarget "SwiftUI-Chat-App" */ = {
			isa = XCConfigurationList;
			buildConfigurations = (
				0942E69F2B96C1190069D3B3 /* Debug */,
				0942E6A02B96C1190069D3B3 /* Release */,
			);
			defaultConfigurationIsVisible = 0;
			defaultConfigurationName = Release;
		};
/* End XCConfigurationList section */
	};
	rootObject = 0942E6882B96C1180069D3B3 /* Project object */;
}
